# This file is automatically @generated by Cargo.
# It is not intended for manual editing.
version = 4

[[package]]
name = "builtins"
version = "0.1.0"

[[package]]
name = "editor"
version = "0.1.0"

[[package]]
name = "frontend"
version = "0.1.0"
dependencies = [
 "shell",
]

[[package]]
name = "fs"
version = "0.1.0"

[[package]]
name = "fs-browser"
version = "0.1.0"

[[package]]
name = "fs-memory"
version = "0.1.0"

[[package]]
name = "os"
version = "0.1.0"

[[package]]
name = "parser"
version = "0.1.0"

[[package]]
name = "shell"
version = "0.1.0"
dependencies = [
 "parser",
]

[[package]]
name = "shellike"
version = "0.1.0"
dependencies = [
 "frontend",
]
